
Microsoft Visual Studio Solution File, Format Version 12.00
# Visual Studio 15
VisualStudioVersion = 15.0.27130.2027
MinimumVisualStudioVersion = 10.0.40219.1
Project("{FAE04EC0-301F-11D3-BF4B-00C04F79EFBC}") = "ConsoleApp1", "ConsoleApp1\ConsoleApp1.csproj", "{A8D31F14-61E6-4192-BEA1-AD99BD9098C5}"
EndProject
Project("{FAE04EC0-301F-11D3-BF4B-00C04F79EFBC}") = "Sort", "Sort\Sort.csproj", "{019A5A57-89CC-440D-9D99-14D215A070D2}"
EndProject
Project("{FAE04EC0-301F-11D3-BF4B-00C04F79EFBC}") = "HelpClass", "HelpClass\HelpClass.csproj", "{CEBEA111-99F8-42EE-8512-850CEBA24122}"
EndProject
Project("{FAE04EC0-301F-11D3-BF4B-00C04F79EFBC}") = "Search", "Search\Search.csproj", "{BFD3946A-A41F-4B60-B7AE-1EDA7ED26EEB}"
EndProject
Global
	GlobalSection(SolutionConfigurationPlatforms) = preSolution
		Debug|Any CPU = Debug|Any CPU
		Release|Any CPU = Release|Any CPU
	EndGlobalSection
	GlobalSection(ProjectConfigurationPlatforms) = postSolution
		{A8D31F14-61E6-4192-BEA1-AD99BD9098C5}.Debug|Any CPU.ActiveCfg = Debug|Any CPU
		{A8D31F14-61E6-4192-BEA1-AD99BD9098C5}.Debug|Any CPU.Build.0 = Debug|Any CPU
		{A8D31F14-61E6-4192-BEA1-AD99BD9098C5}.Release|Any CPU.ActiveCfg = Release|Any CPU
		{A8D31F14-61E6-4192-BEA1-AD99BD9098C5}.Release|Any CPU.Build.0 = Release|Any CPU
		{019A5A57-89CC-440D-9D99-14D215A070D2}.Debug|Any CPU.ActiveCfg = Debug|Any CPU
		{019A5A57-89CC-440D-9D99-14D215A070D2}.Debug|Any CPU.Build.0 = Debug|Any CPU
		{019A5A57-89CC-440D-9D99-14D215A070D2}.Release|Any CPU.ActiveCfg = Release|Any CPU
		{019A5A57-89CC-440D-9D99-14D215A070D2}.Release|Any CPU.Build.0 = Release|Any CPU
		{CEBEA111-99F8-42EE-8512-850CEBA24122}.Debug|Any CPU.ActiveCfg = Debug|Any CPU
		{CEBEA111-99F8-42EE-8512-850CEBA24122}.Debug|Any CPU.Build.0 = Debug|Any CPU
		{CEBEA111-99F8-42EE-8512-850CEBA24122}.Release|Any CPU.ActiveCfg = Release|Any CPU
		{CEBEA111-99F8-42EE-8512-850CEBA24122}.Release|Any CPU.Build.0 = Release|Any CPU
		{BFD3946A-A41F-4B60-B7AE-1EDA7ED26EEB}.Debug|Any CPU.ActiveCfg = Debug|Any CPU
		{BFD3946A-A41F-4B60-B7AE-1EDA7ED26EEB}.Debug|Any CPU.Build.0 = Debug|Any CPU
		{BFD3946A-A41F-4B60-B7AE-1EDA7ED26EEB}.Release|Any CPU.ActiveCfg = Release|Any CPU
		{BFD3946A-A41F-4B60-B7AE-1EDA7ED26EEB}.Release|Any CPU.Build.0 = Release|Any CPU
	EndGlobalSection
	GlobalSection(SolutionProperties) = preSolution
		HideSolutionNode = FALSE
	EndGlobalSection
	GlobalSection(ExtensibilityGlobals) = postSolution
		SolutionGuid = {27B26E54-C99F-46DF-9F0F-50499DD9B43E}
	EndGlobalSection
EndGlobal
